
Microsoft Visual Studio Solution File, Format Version 12.00
# Visual Studio Version 17
VisualStudioVersion = 17.13.35931.197
MinimumVisualStudioVersion = 10.0.40219.1
Project("{FAE04EC0-301F-11D3-BF4B-00C04F79EFBC}") = "FRD.API", "FRD\FRD.API.csproj", "{014A6451-8A68-40CA-8257-0EC95F2E1ADD}"
EndProject
Project("{FAE04EC0-301F-11D3-BF4B-00C04F79EFBC}") = "FRD.Application", "FRD.Application\FRD.Application.csproj", "{EA35CB25-48CB-4D65-B681-DC270A6CEA85}"
EndProject
Project("{FAE04EC0-301F-11D3-BF4B-00C04F79EFBC}") = "FRD.Domain", "FRD.Domain\FRD.Domain.csproj", "{532AF5DB-4BDB-491C-BC78-4F1CC898CE2E}"
EndProject
Project("{FAE04EC0-301F-11D3-BF4B-00C04F79EFBC}") = "FRD.Infrustructure", "FRD.Infrustructure\FRD.Infrustructure.csproj", "{6815074A-2E1C-4C41-8470-AA1FB4C8392F}"
EndProject
Project("{FAE04EC0-301F-11D3-BF4B-00C04F79EFBC}") = "FRD.Framework", "FRD.Framework\FRD.Framework.csproj", "{05244656-CEDA-4884-B336-7FC49C7D66D4}"
EndProject
Global
	GlobalSection(SolutionConfigurationPlatforms) = preSolution
		Debug|Any CPU = Debug|Any CPU
		Release|Any CPU = Release|Any CPU
	EndGlobalSection
	GlobalSection(ProjectConfigurationPlatforms) = postSolution
		{014A6451-8A68-40CA-8257-0EC95F2E1ADD}.Debug|Any CPU.ActiveCfg = Debug|Any CPU
		{014A6451-8A68-40CA-8257-0EC95F2E1ADD}.Debug|Any CPU.Build.0 = Debug|Any CPU
		{014A6451-8A68-40CA-8257-0EC95F2E1ADD}.Release|Any CPU.ActiveCfg = Release|Any CPU
		{014A6451-8A68-40CA-8257-0EC95F2E1ADD}.Release|Any CPU.Build.0 = Release|Any CPU
		{EA35CB25-48CB-4D65-B681-DC270A6CEA85}.Debug|Any CPU.ActiveCfg = Debug|Any CPU
		{EA35CB25-48CB-4D65-B681-DC270A6CEA85}.Debug|Any CPU.Build.0 = Debug|Any CPU
		{EA35CB25-48CB-4D65-B681-DC270A6CEA85}.Release|Any CPU.ActiveCfg = Release|Any CPU
		{EA35CB25-48CB-4D65-B681-DC270A6CEA85}.Release|Any CPU.Build.0 = Release|Any CPU
		{532AF5DB-4BDB-491C-BC78-4F1CC898CE2E}.Debug|Any CPU.ActiveCfg = Debug|Any CPU
		{532AF5DB-4BDB-491C-BC78-4F1CC898CE2E}.Debug|Any CPU.Build.0 = Debug|Any CPU
		{532AF5DB-4BDB-491C-BC78-4F1CC898CE2E}.Release|Any CPU.ActiveCfg = Release|Any CPU
		{532AF5DB-4BDB-491C-BC78-4F1CC898CE2E}.Release|Any CPU.Build.0 = Release|Any CPU
		{6815074A-2E1C-4C41-8470-AA1FB4C8392F}.Debug|Any CPU.ActiveCfg = Debug|Any CPU
		{6815074A-2E1C-4C41-8470-AA1FB4C8392F}.Debug|Any CPU.Build.0 = Debug|Any CPU
		{6815074A-2E1C-4C41-8470-AA1FB4C8392F}.Release|Any CPU.ActiveCfg = Release|Any CPU
		{6815074A-2E1C-4C41-8470-AA1FB4C8392F}.Release|Any CPU.Build.0 = Release|Any CPU
		{05244656-CEDA-4884-B336-7FC49C7D66D4}.Debug|Any CPU.ActiveCfg = Debug|Any CPU
		{05244656-CEDA-4884-B336-7FC49C7D66D4}.Debug|Any CPU.Build.0 = Debug|Any CPU
		{05244656-CEDA-4884-B336-7FC49C7D66D4}.Release|Any CPU.ActiveCfg = Release|Any CPU
		{05244656-CEDA-4884-B336-7FC49C7D66D4}.Release|Any CPU.Build.0 = Release|Any CPU
	EndGlobalSection
	GlobalSection(SolutionProperties) = preSolution
		HideSolutionNode = FALSE
	EndGlobalSection
	GlobalSection(ExtensibilityGlobals) = postSolution
		SolutionGuid = {72EA10CD-AD33-4B79-BCE0-063205D61F34}
	EndGlobalSection
EndGlobal
